// !$*UTF8*$!
{
	archiveVersion = 1;
	classes = {
	};
	objectVersion = 55;
	objects = {

/* Begin PBXBuildFile section */
		0C3C54C8281C645E005C8365 /* SearchViewController.swift in Sources */ = {isa = PBXBuildFile; fileRef = 0C3C54C7281C645E005C8365 /* SearchViewController.swift */; };
		0C3C54CB281C6904005C8365 /* SearchViewCell.xib in Resources */ = {isa = PBXBuildFile; fileRef = 0C3C54CA281C6904005C8365 /* SearchViewCell.xib */; };
		0C3C54CD281C690B005C8365 /* SearchViewCell.swift in Sources */ = {isa = PBXBuildFile; fileRef = 0C3C54CC281C690B005C8365 /* SearchViewCell.swift */; };
		0C3C54CF281C6C63005C8365 /* SearchUsersTranslator.swift in Sources */ = {isa = PBXBuildFile; fileRef = 0C3C54CE281C6C63005C8365 /* SearchUsersTranslator.swift */; };
		0C3C54D1281C6E30005C8365 /* Search.storyboard in Resources */ = {isa = PBXBuildFile; fileRef = 0C3C54D0281C6E30005C8365 /* Search.storyboard */; };
		0CDB04A2281B6BE200CBBD96 /* AppDelegate.swift in Sources */ = {isa = PBXBuildFile; fileRef = 0CDB04A1281B6BE200CBBD96 /* AppDelegate.swift */; };
		0CDB04A4281B6BE200CBBD96 /* SceneDelegate.swift in Sources */ = {isa = PBXBuildFile; fileRef = 0CDB04A3281B6BE200CBBD96 /* SceneDelegate.swift */; };
		0CDB04A6281B6BE200CBBD96 /* ViewController.swift in Sources */ = {isa = PBXBuildFile; fileRef = 0CDB04A5281B6BE200CBBD96 /* ViewController.swift */; };
		0CDB04AB281B6BE400CBBD96 /* Assets.xcassets in Resources */ = {isa = PBXBuildFile; fileRef = 0CDB04AA281B6BE400CBBD96 /* Assets.xcassets */; };
		0CDB04AE281B6BE400CBBD96 /* LaunchScreen.storyboard in Resources */ = {isa = PBXBuildFile; fileRef = 0CDB04AC281B6BE400CBBD96 /* LaunchScreen.storyboard */; };
		0CDB04C8281B6C8200CBBD96 /* UsersViewController.swift in Sources */ = {isa = PBXBuildFile; fileRef = 0CDB04C7281B6C8200CBBD96 /* UsersViewController.swift */; };
		0CDB04CA281B6CB400CBBD96 /* NetworkAPIConst.swift in Sources */ = {isa = PBXBuildFile; fileRef = 0CDB04C9281B6CB400CBBD96 /* NetworkAPIConst.swift */; };
		0CDB04CC281B6CD600CBBD96 /* NetworkProtocol.swift in Sources */ = {isa = PBXBuildFile; fileRef = 0CDB04CB281B6CD600CBBD96 /* NetworkProtocol.swift */; };
		0CDB04CE281B6CFA00CBBD96 /* NetworkRequest.swift in Sources */ = {isa = PBXBuildFile; fileRef = 0CDB04CD281B6CFA00CBBD96 /* NetworkRequest.swift */; };
		0CDB04D0281B73B100CBBD96 /* UserModel.swift in Sources */ = {isa = PBXBuildFile; fileRef = 0CDB04CF281B73B100CBBD96 /* UserModel.swift */; };
		0CDB04D2281B73DB00CBBD96 /* UIBarButtonItem+Extension.swift in Sources */ = {isa = PBXBuildFile; fileRef = 0CDB04D1281B73DB00CBBD96 /* UIBarButtonItem+Extension.swift */; };
		0CDB04D4281B73E800CBBD96 /* UIViewController+Extension.swift in Sources */ = {isa = PBXBuildFile; fileRef = 0CDB04D3281B73E800CBBD96 /* UIViewController+Extension.swift */; };
		0CDB04D6281B73F600CBBD96 /* UIView+Extension.swift in Sources */ = {isa = PBXBuildFile; fileRef = 0CDB04D5281B73F600CBBD96 /* UIView+Extension.swift */; };
		0CDB04D8281B740500CBBD96 /* UIImage+Extension.swift in Sources */ = {isa = PBXBuildFile; fileRef = 0CDB04D7281B740500CBBD96 /* UIImage+Extension.swift */; };
		0CDB04DB281B743400CBBD96 /* UserViewCell.xib in Resources */ = {isa = PBXBuildFile; fileRef = 0CDB04DA281B743400CBBD96 /* UserViewCell.xib */; };
		0CDB04DD281B743B00CBBD96 /* UserViewCell.swift in Sources */ = {isa = PBXBuildFile; fileRef = 0CDB04DC281B743B00CBBD96 /* UserViewCell.swift */; };
		0CDB04DF281B78D400CBBD96 /* Translator.swift in Sources */ = {isa = PBXBuildFile; fileRef = 0CDB04DE281B78D400CBBD96 /* Translator.swift */; };
		0CDB04E3281B7D1C00CBBD96 /* Users.storyboard in Resources */ = {isa = PBXBuildFile; fileRef = 0CDB04E2281B7D1C00CBBD96 /* Users.storyboard */; };
		0CDB04E6281B829000CBBD96 /* UserDetailViewController.swift in Sources */ = {isa = PBXBuildFile; fileRef = 0CDB04E5281B829000CBBD96 /* UserDetailViewController.swift */; };
		0CDB04E8281B88A700CBBD96 /* UserDetail.storyboard in Resources */ = {isa = PBXBuildFile; fileRef = 0CDB04E7281B88A700CBBD96 /* UserDetail.storyboard */; };
		0CDB04EA281B8EF900CBBD96 /* UserDetailModel.swift in Sources */ = {isa = PBXBuildFile; fileRef = 0CDB04E9281B8EF900CBBD96 /* UserDetailModel.swift */; };
		0CDB04EC281B931800CBBD96 /* UserRepositoryModel.swift in Sources */ = {isa = PBXBuildFile; fileRef = 0CDB04EB281B931800CBBD96 /* UserRepositoryModel.swift */; };
		0CDB04EF281B934900CBBD96 /* UserDetailRepositoryViewCell.xib in Resources */ = {isa = PBXBuildFile; fileRef = 0CDB04EE281B934900CBBD96 /* UserDetailRepositoryViewCell.xib */; };
		0CDB04F1281B935200CBBD96 /* UserDetailRepositoryViewCell.swift in Sources */ = {isa = PBXBuildFile; fileRef = 0CDB04F0281B935200CBBD96 /* UserDetailRepositoryViewCell.swift */; };
		0CDB04F3281B961200CBBD96 /* Utility.swift in Sources */ = {isa = PBXBuildFile; fileRef = 0CDB04F2281B961200CBBD96 /* Utility.swift */; };
		0CDB04F5281B965A00CBBD96 /* UserDetailTranslator.swift in Sources */ = {isa = PBXBuildFile; fileRef = 0CDB04F4281B965A00CBBD96 /* UserDetailTranslator.swift */; };
		0CDB04F7281B9AC500CBBD96 /* UserRepositoryTranslator.swift in Sources */ = {isa = PBXBuildFile; fileRef = 0CDB04F6281B9AC500CBBD96 /* UserRepositoryTranslator.swift */; };
		0CDB04FA281BAA5C00CBBD96 /* WebViewController.swift in Sources */ = {isa = PBXBuildFile; fileRef = 0CDB04F9281BAA5C00CBBD96 /* WebViewController.swift */; };
		0CDB04FC281BAA6700CBBD96 /* Web.storyboard in Resources */ = {isa = PBXBuildFile; fileRef = 0CDB04FB281BAA6700CBBD96 /* Web.storyboard */; };
		0CDB04FF281BC38600CBBD96 /* FollowViewController.swift in Sources */ = {isa = PBXBuildFile; fileRef = 0CDB04FE281BC38600CBBD96 /* FollowViewController.swift */; };
		0CDB0501281BC39D00CBBD96 /* Follow.storyboard in Resources */ = {isa = PBXBuildFile; fileRef = 0CDB0500281BC39D00CBBD96 /* Follow.storyboard */; };
		0CDB0504281BCC2100CBBD96 /* FollowViewCell.xib in Resources */ = {isa = PBXBuildFile; fileRef = 0CDB0503281BCC2100CBBD96 /* FollowViewCell.xib */; };
		0CDB0506281BCC2800CBBD96 /* FollowViewCell.swift in Sources */ = {isa = PBXBuildFile; fileRef = 0CDB0505281BCC2800CBBD96 /* FollowViewCell.swift */; };
		0CDB0509281BE85700CBBD96 /* Favorite.storyboard in Resources */ = {isa = PBXBuildFile; fileRef = 0CDB0508281BE85700CBBD96 /* Favorite.storyboard */; };
		0CDB050B281BF00500CBBD96 /* FavoriteViewController.swift in Sources */ = {isa = PBXBuildFile; fileRef = 0CDB050A281BF00500CBBD96 /* FavoriteViewController.swift */; };
		0CDB050D281BF02600CBBD96 /* UserUseCase.swift in Sources */ = {isa = PBXBuildFile; fileRef = 0CDB050C281BF02600CBBD96 /* UserUseCase.swift */; };
		0CDB050F281BF03200CBBD96 /* UserRepository.swift in Sources */ = {isa = PBXBuildFile; fileRef = 0CDB050E281BF03200CBBD96 /* UserRepository.swift */; };
		0CDB0511281BF04300CBBD96 /* UserProtocol.swift in Sources */ = {isa = PBXBuildFile; fileRef = 0CDB0510281BF04300CBBD96 /* UserProtocol.swift */; };
		0CDB0513281BF04F00CBBD96 /* UserFavoriteModel.swift in Sources */ = {isa = PBXBuildFile; fileRef = 0CDB0512281BF04F00CBBD96 /* UserFavoriteModel.swift */; };
		0CDB0515281BF64A00CBBD96 /* UserFavoriteTranslator.swift in Sources */ = {isa = PBXBuildFile; fileRef = 0CDB0514281BF64A00CBBD96 /* UserFavoriteTranslator.swift */; };
		0CDB0517281BF65600CBBD96 /* UserFavoriteRealm.swift in Sources */ = {isa = PBXBuildFile; fileRef = 0CDB0516281BF65600CBBD96 /* UserFavoriteRealm.swift */; };
		0CDB051A281BFC5900CBBD96 /* FavoriteViewCell.xib in Resources */ = {isa = PBXBuildFile; fileRef = 0CDB0519281BFC5900CBBD96 /* FavoriteViewCell.xib */; };
		0CDB051C281BFC6000CBBD96 /* FavoriteViewCell.swift in Sources */ = {isa = PBXBuildFile; fileRef = 0CDB051B281BFC6000CBBD96 /* FavoriteViewCell.swift */; };
		0CDB051F281C0F0600CBBD96 /* SettingViewController.swift in Sources */ = {isa = PBXBuildFile; fileRef = 0CDB051E281C0F0600CBBD96 /* SettingViewController.swift */; };
		0CDB0521281C0F1C00CBBD96 /* Setting.storyboard in Resources */ = {isa = PBXBuildFile; fileRef = 0CDB0520281C0F1C00CBBD96 /* Setting.storyboard */; };
		0CDB052B281C0F5D00CBBD96 /* MailViewCell.swift in Sources */ = {isa = PBXBuildFile; fileRef = 0CDB0523281C0F5D00CBBD96 /* MailViewCell.swift */; };
		0CDB052C281C0F5D00CBBD96 /* MailViewCell.xib in Resources */ = {isa = PBXBuildFile; fileRef = 0CDB0524281C0F5D00CBBD96 /* MailViewCell.xib */; };
		0CDB052E281C0F5D00CBBD96 /* EvaluationViewCell.swift in Sources */ = {isa = PBXBuildFile; fileRef = 0CDB0526281C0F5D00CBBD96 /* EvaluationViewCell.swift */; };
		0CDB052F281C0F5D00CBBD96 /* ShareViewCell.swift in Sources */ = {isa = PBXBuildFile; fileRef = 0CDB0527281C0F5D00CBBD96 /* ShareViewCell.swift */; };
		0CDB0530281C0F5D00CBBD96 /* ShareViewCell.xib in Resources */ = {isa = PBXBuildFile; fileRef = 0CDB0528281C0F5D00CBBD96 /* ShareViewCell.xib */; };
		0CDB0532281C0F5D00CBBD96 /* EvaluationViewCell.xib in Resources */ = {isa = PBXBuildFile; fileRef = 0CDB052A281C0F5D00CBBD96 /* EvaluationViewCell.xib */; };
		0CDB0534281C0F7900CBBD96 /* Const.swift in Sources */ = {isa = PBXBuildFile; fileRef = 0CDB0533281C0F7900CBBD96 /* Const.swift */; };
		411F03F3286723E5000A0D8D /* NewUsersRepositoryImpl.swift in Sources */ = {isa = PBXBuildFile; fileRef = 411F03F2286723E5000A0D8D /* NewUsersRepositoryImpl.swift */; };
		411F03F5286725C2000A0D8D /* UsersRemoteDataSource.swift in Sources */ = {isa = PBXBuildFile; fileRef = 411F03F4286725C2000A0D8D /* UsersRemoteDataSource.swift */; };
		411F03F928672830000A0D8D /* NewUsersRepository.swift in Sources */ = {isa = PBXBuildFile; fileRef = 411F03F828672830000A0D8D /* NewUsersRepository.swift */; };
		411F03FC2867289C000A0D8D /* UsersPresenter.swift in Sources */ = {isa = PBXBuildFile; fileRef = 411F03FB2867289C000A0D8D /* UsersPresenter.swift */; };
		A6DB4DFBAF60F430971D0424 /* Pods_GitHub.framework in Frameworks */ = {isa = PBXBuildFile; fileRef = E961462AB36B514F2E3A8EFB /* Pods_GitHub.framework */; };
/* End PBXBuildFile section */

/* Begin PBXFileReference section */
		0C3C54C7281C645E005C8365 /* SearchViewController.swift */ = {isa = PBXFileReference; lastKnownFileType = sourcecode.swift; path = SearchViewController.swift; sourceTree = "<group>"; };
		0C3C54CA281C6904005C8365 /* SearchViewCell.xib */ = {isa = PBXFileReference; lastKnownFileType = file.xib; path = SearchViewCell.xib; sourceTree = "<group>"; };
		0C3C54CC281C690B005C8365 /* SearchViewCell.swift */ = {isa = PBXFileReference; lastKnownFileType = sourcecode.swift; path = SearchViewCell.swift; sourceTree = "<group>"; };
		0C3C54CE281C6C63005C8365 /* SearchUsersTranslator.swift */ = {isa = PBXFileReference; lastKnownFileType = sourcecode.swift; path = SearchUsersTranslator.swift; sourceTree = "<group>"; };
		0C3C54D0281C6E30005C8365 /* Search.storyboard */ = {isa = PBXFileReference; lastKnownFileType = file.storyboard; path = Search.storyboard; sourceTree = "<group>"; };
		0CDB049E281B6BE200CBBD96 /* GitHub.app */ = {isa = PBXFileReference; explicitFileType = wrapper.application; includeInIndex = 0; path = GitHub.app; sourceTree = BUILT_PRODUCTS_DIR; };
		0CDB04A1281B6BE200CBBD96 /* AppDelegate.swift */ = {isa = PBXFileReference; lastKnownFileType = sourcecode.swift; path = AppDelegate.swift; sourceTree = "<group>"; };
		0CDB04A3281B6BE200CBBD96 /* SceneDelegate.swift */ = {isa = PBXFileReference; lastKnownFileType = sourcecode.swift; path = SceneDelegate.swift; sourceTree = "<group>"; };
		0CDB04A5281B6BE200CBBD96 /* ViewController.swift */ = {isa = PBXFileReference; lastKnownFileType = sourcecode.swift; path = ViewController.swift; sourceTree = "<group>"; };
		0CDB04AA281B6BE400CBBD96 /* Assets.xcassets */ = {isa = PBXFileReference; lastKnownFileType = folder.assetcatalog; path = Assets.xcassets; sourceTree = "<group>"; };
		0CDB04AD281B6BE400CBBD96 /* Base */ = {isa = PBXFileReference; lastKnownFileType = file.storyboard; name = Base; path = Base.lproj/LaunchScreen.storyboard; sourceTree = "<group>"; };
		0CDB04AF281B6BE400CBBD96 /* Info.plist */ = {isa = PBXFileReference; lastKnownFileType = text.plist.xml; path = Info.plist; sourceTree = "<group>"; };
		0CDB04C7281B6C8200CBBD96 /* UsersViewController.swift */ = {isa = PBXFileReference; lastKnownFileType = sourcecode.swift; path = UsersViewController.swift; sourceTree = "<group>"; };
		0CDB04C9281B6CB400CBBD96 /* NetworkAPIConst.swift */ = {isa = PBXFileReference; lastKnownFileType = sourcecode.swift; path = NetworkAPIConst.swift; sourceTree = "<group>"; };
		0CDB04CB281B6CD600CBBD96 /* NetworkProtocol.swift */ = {isa = PBXFileReference; lastKnownFileType = sourcecode.swift; path = NetworkProtocol.swift; sourceTree = "<group>"; };
		0CDB04CD281B6CFA00CBBD96 /* NetworkRequest.swift */ = {isa = PBXFileReference; lastKnownFileType = sourcecode.swift; path = NetworkRequest.swift; sourceTree = "<group>"; };
		0CDB04CF281B73B100CBBD96 /* UserModel.swift */ = {isa = PBXFileReference; lastKnownFileType = sourcecode.swift; path = UserModel.swift; sourceTree = "<group>"; };
		0CDB04D1281B73DB00CBBD96 /* UIBarButtonItem+Extension.swift */ = {isa = PBXFileReference; lastKnownFileType = sourcecode.swift; path = "UIBarButtonItem+Extension.swift"; sourceTree = "<group>"; };
		0CDB04D3281B73E800CBBD96 /* UIViewController+Extension.swift */ = {isa = PBXFileReference; lastKnownFileType = sourcecode.swift; path = "UIViewController+Extension.swift"; sourceTree = "<group>"; };
		0CDB04D5281B73F600CBBD96 /* UIView+Extension.swift */ = {isa = PBXFileReference; lastKnownFileType = sourcecode.swift; path = "UIView+Extension.swift"; sourceTree = "<group>"; };
		0CDB04D7281B740500CBBD96 /* UIImage+Extension.swift */ = {isa = PBXFileReference; lastKnownFileType = sourcecode.swift; path = "UIImage+Extension.swift"; sourceTree = "<group>"; };
		0CDB04DA281B743400CBBD96 /* UserViewCell.xib */ = {isa = PBXFileReference; lastKnownFileType = file.xib; path = UserViewCell.xib; sourceTree = "<group>"; };
		0CDB04DC281B743B00CBBD96 /* UserViewCell.swift */ = {isa = PBXFileReference; lastKnownFileType = sourcecode.swift; path = UserViewCell.swift; sourceTree = "<group>"; };
		0CDB04DE281B78D400CBBD96 /* Translator.swift */ = {isa = PBXFileReference; lastKnownFileType = sourcecode.swift; path = Translator.swift; sourceTree = "<group>"; };
		0CDB04E2281B7D1C00CBBD96 /* Users.storyboard */ = {isa = PBXFileReference; lastKnownFileType = file.storyboard; path = Users.storyboard; sourceTree = "<group>"; };
		0CDB04E5281B829000CBBD96 /* UserDetailViewController.swift */ = {isa = PBXFileReference; lastKnownFileType = sourcecode.swift; path = UserDetailViewController.swift; sourceTree = "<group>"; };
		0CDB04E7281B88A700CBBD96 /* UserDetail.storyboard */ = {isa = PBXFileReference; lastKnownFileType = file.storyboard; path = UserDetail.storyboard; sourceTree = "<group>"; };
		0CDB04E9281B8EF900CBBD96 /* UserDetailModel.swift */ = {isa = PBXFileReference; lastKnownFileType = sourcecode.swift; path = UserDetailModel.swift; sourceTree = "<group>"; };
		0CDB04EB281B931800CBBD96 /* UserRepositoryModel.swift */ = {isa = PBXFileReference; lastKnownFileType = sourcecode.swift; path = UserRepositoryModel.swift; sourceTree = "<group>"; };
		0CDB04EE281B934900CBBD96 /* UserDetailRepositoryViewCell.xib */ = {isa = PBXFileReference; lastKnownFileType = file.xib; path = UserDetailRepositoryViewCell.xib; sourceTree = "<group>"; };
		0CDB04F0281B935200CBBD96 /* UserDetailRepositoryViewCell.swift */ = {isa = PBXFileReference; lastKnownFileType = sourcecode.swift; path = UserDetailRepositoryViewCell.swift; sourceTree = "<group>"; };
		0CDB04F2281B961200CBBD96 /* Utility.swift */ = {isa = PBXFileReference; lastKnownFileType = sourcecode.swift; path = Utility.swift; sourceTree = "<group>"; };
		0CDB04F4281B965A00CBBD96 /* UserDetailTranslator.swift */ = {isa = PBXFileReference; lastKnownFileType = sourcecode.swift; path = UserDetailTranslator.swift; sourceTree = "<group>"; };
		0CDB04F6281B9AC500CBBD96 /* UserRepositoryTranslator.swift */ = {isa = PBXFileReference; lastKnownFileType = sourcecode.swift; path = UserRepositoryTranslator.swift; sourceTree = "<group>"; };
		0CDB04F9281BAA5C00CBBD96 /* WebViewController.swift */ = {isa = PBXFileReference; lastKnownFileType = sourcecode.swift; path = WebViewController.swift; sourceTree = "<group>"; };
		0CDB04FB281BAA6700CBBD96 /* Web.storyboard */ = {isa = PBXFileReference; lastKnownFileType = file.storyboard; path = Web.storyboard; sourceTree = "<group>"; };
		0CDB04FE281BC38600CBBD96 /* FollowViewController.swift */ = {isa = PBXFileReference; lastKnownFileType = sourcecode.swift; path = FollowViewController.swift; sourceTree = "<group>"; };
		0CDB0500281BC39D00CBBD96 /* Follow.storyboard */ = {isa = PBXFileReference; lastKnownFileType = file.storyboard; path = Follow.storyboard; sourceTree = "<group>"; };
		0CDB0503281BCC2100CBBD96 /* FollowViewCell.xib */ = {isa = PBXFileReference; lastKnownFileType = file.xib; path = FollowViewCell.xib; sourceTree = "<group>"; };
		0CDB0505281BCC2800CBBD96 /* FollowViewCell.swift */ = {isa = PBXFileReference; lastKnownFileType = sourcecode.swift; path = FollowViewCell.swift; sourceTree = "<group>"; };
		0CDB0508281BE85700CBBD96 /* Favorite.storyboard */ = {isa = PBXFileReference; lastKnownFileType = file.storyboard; path = Favorite.storyboard; sourceTree = "<group>"; };
		0CDB050A281BF00500CBBD96 /* FavoriteViewController.swift */ = {isa = PBXFileReference; lastKnownFileType = sourcecode.swift; path = FavoriteViewController.swift; sourceTree = "<group>"; };
		0CDB050C281BF02600CBBD96 /* UserUseCase.swift */ = {isa = PBXFileReference; lastKnownFileType = sourcecode.swift; path = UserUseCase.swift; sourceTree = "<group>"; };
		0CDB050E281BF03200CBBD96 /* UserRepository.swift */ = {isa = PBXFileReference; lastKnownFileType = sourcecode.swift; path = UserRepository.swift; sourceTree = "<group>"; };
		0CDB0510281BF04300CBBD96 /* UserProtocol.swift */ = {isa = PBXFileReference; lastKnownFileType = sourcecode.swift; path = UserProtocol.swift; sourceTree = "<group>"; };
		0CDB0512281BF04F00CBBD96 /* UserFavoriteModel.swift */ = {isa = PBXFileReference; lastKnownFileType = sourcecode.swift; path = UserFavoriteModel.swift; sourceTree = "<group>"; };
		0CDB0514281BF64A00CBBD96 /* UserFavoriteTranslator.swift */ = {isa = PBXFileReference; lastKnownFileType = sourcecode.swift; path = UserFavoriteTranslator.swift; sourceTree = "<group>"; };
		0CDB0516281BF65600CBBD96 /* UserFavoriteRealm.swift */ = {isa = PBXFileReference; lastKnownFileType = sourcecode.swift; path = UserFavoriteRealm.swift; sourceTree = "<group>"; };
		0CDB0519281BFC5900CBBD96 /* FavoriteViewCell.xib */ = {isa = PBXFileReference; lastKnownFileType = file.xib; path = FavoriteViewCell.xib; sourceTree = "<group>"; };
		0CDB051B281BFC6000CBBD96 /* FavoriteViewCell.swift */ = {isa = PBXFileReference; lastKnownFileType = sourcecode.swift; path = FavoriteViewCell.swift; sourceTree = "<group>"; };
		0CDB051E281C0F0600CBBD96 /* SettingViewController.swift */ = {isa = PBXFileReference; lastKnownFileType = sourcecode.swift; path = SettingViewController.swift; sourceTree = "<group>"; };
		0CDB0520281C0F1C00CBBD96 /* Setting.storyboard */ = {isa = PBXFileReference; lastKnownFileType = file.storyboard; path = Setting.storyboard; sourceTree = "<group>"; };
		0CDB0523281C0F5D00CBBD96 /* MailViewCell.swift */ = {isa = PBXFileReference; fileEncoding = 4; lastKnownFileType = sourcecode.swift; path = MailViewCell.swift; sourceTree = "<group>"; };
		0CDB0524281C0F5D00CBBD96 /* MailViewCell.xib */ = {isa = PBXFileReference; fileEncoding = 4; lastKnownFileType = file.xib; path = MailViewCell.xib; sourceTree = "<group>"; };
		0CDB0526281C0F5D00CBBD96 /* EvaluationViewCell.swift */ = {isa = PBXFileReference; fileEncoding = 4; lastKnownFileType = sourcecode.swift; path = EvaluationViewCell.swift; sourceTree = "<group>"; };
		0CDB0527281C0F5D00CBBD96 /* ShareViewCell.swift */ = {isa = PBXFileReference; fileEncoding = 4; lastKnownFileType = sourcecode.swift; path = ShareViewCell.swift; sourceTree = "<group>"; };
		0CDB0528281C0F5D00CBBD96 /* ShareViewCell.xib */ = {isa = PBXFileReference; fileEncoding = 4; lastKnownFileType = file.xib; path = ShareViewCell.xib; sourceTree = "<group>"; };
		0CDB052A281C0F5D00CBBD96 /* EvaluationViewCell.xib */ = {isa = PBXFileReference; fileEncoding = 4; lastKnownFileType = file.xib; path = EvaluationViewCell.xib; sourceTree = "<group>"; };
		0CDB0533281C0F7900CBBD96 /* Const.swift */ = {isa = PBXFileReference; lastKnownFileType = sourcecode.swift; path = Const.swift; sourceTree = "<group>"; };
		192E4823D4C45E136063D6B7 /* Pods-GitHub.debug.xcconfig */ = {isa = PBXFileReference; includeInIndex = 1; lastKnownFileType = text.xcconfig; name = "Pods-GitHub.debug.xcconfig"; path = "Target Support Files/Pods-GitHub/Pods-GitHub.debug.xcconfig"; sourceTree = "<group>"; };
		411F03F2286723E5000A0D8D /* NewUsersRepositoryImpl.swift */ = {isa = PBXFileReference; lastKnownFileType = sourcecode.swift; path = NewUsersRepositoryImpl.swift; sourceTree = "<group>"; };
		411F03F4286725C2000A0D8D /* UsersRemoteDataSource.swift */ = {isa = PBXFileReference; lastKnownFileType = sourcecode.swift; path = UsersRemoteDataSource.swift; sourceTree = "<group>"; };
		411F03F828672830000A0D8D /* NewUsersRepository.swift */ = {isa = PBXFileReference; lastKnownFileType = sourcecode.swift; path = NewUsersRepository.swift; sourceTree = "<group>"; };
		411F03FB2867289C000A0D8D /* UsersPresenter.swift */ = {isa = PBXFileReference; lastKnownFileType = sourcecode.swift; path = UsersPresenter.swift; sourceTree = "<group>"; };
		C1E9D9121A116A0FA94C91BB /* Pods-GitHub.release.xcconfig */ = {isa = PBXFileReference; includeInIndex = 1; lastKnownFileType = text.xcconfig; name = "Pods-GitHub.release.xcconfig"; path = "Target Support Files/Pods-GitHub/Pods-GitHub.release.xcconfig"; sourceTree = "<group>"; };
		E961462AB36B514F2E3A8EFB /* Pods_GitHub.framework */ = {isa = PBXFileReference; explicitFileType = wrapper.framework; includeInIndex = 0; path = Pods_GitHub.framework; sourceTree = BUILT_PRODUCTS_DIR; };
/* End PBXFileReference section */

/* Begin PBXFrameworksBuildPhase section */
		0CDB049B281B6BE200CBBD96 /* Frameworks */ = {
			isa = PBXFrameworksBuildPhase;
			buildActionMask = 2147483647;
			files = (
				A6DB4DFBAF60F430971D0424 /* Pods_GitHub.framework in Frameworks */,
			);
			runOnlyForDeploymentPostprocessing = 0;
		};
/* End PBXFrameworksBuildPhase section */

/* Begin PBXGroup section */
		0C3C54C6281C6451005C8365 /* Search */ = {
			isa = PBXGroup;
			children = (
				0C3C54C7281C645E005C8365 /* SearchViewController.swift */,
			);
			path = Search;
			sourceTree = "<group>";
		};
		0C3C54C9281C68F5005C8365 /* Search */ = {
			isa = PBXGroup;
			children = (
				0C3C54CA281C6904005C8365 /* SearchViewCell.xib */,
				0C3C54CC281C690B005C8365 /* SearchViewCell.swift */,
			);
			path = Search;
			sourceTree = "<group>";
		};
		0CDB0495281B6BE200CBBD96 = {
			isa = PBXGroup;
			children = (
				0CDB04A0281B6BE200CBBD96 /* GitHub */,
				0CDB049F281B6BE200CBBD96 /* Products */,
				4BCBB31B0B90672A9CE3123B /* Pods */,
				EBCD1F8BA037EAFDA2AE1EF4 /* Frameworks */,
			);
			sourceTree = "<group>";
		};
		0CDB049F281B6BE200CBBD96 /* Products */ = {
			isa = PBXGroup;
			children = (
				0CDB049E281B6BE200CBBD96 /* GitHub.app */,
			);
			name = Products;
			sourceTree = "<group>";
		};
		0CDB04A0281B6BE200CBBD96 /* GitHub */ = {
			isa = PBXGroup;
			children = (
				0CDB04B5281B6C5C00CBBD96 /* Class */,
				0CDB04A1281B6BE200CBBD96 /* AppDelegate.swift */,
				0CDB04A3281B6BE200CBBD96 /* SceneDelegate.swift */,
				0CDB04A5281B6BE200CBBD96 /* ViewController.swift */,
				0CDB04AA281B6BE400CBBD96 /* Assets.xcassets */,
				0CDB04AF281B6BE400CBBD96 /* Info.plist */,
			);
			path = GitHub;
			sourceTree = "<group>";
		};
		0CDB04B5281B6C5C00CBBD96 /* Class */ = {
			isa = PBXGroup;
			children = (
				0CDB04F2281B961200CBBD96 /* Utility.swift */,
				0CDB0533281C0F7900CBBD96 /* Const.swift */,
				0CDB04B6281B6C5C00CBBD96 /* Extension */,
				0CDB04B7281B6C5C00CBBD96 /* Storyboard */,
				0CDB04B8281B6C5C00CBBD96 /* Logic */,
				0CDB04C4281B6C5C00CBBD96 /* View */,
				0CDB04C5281B6C5C00CBBD96 /* ViewController */,
			);
			path = Class;
			sourceTree = "<group>";
		};
		0CDB04B6281B6C5C00CBBD96 /* Extension */ = {
			isa = PBXGroup;
			children = (
				0CDB04D1281B73DB00CBBD96 /* UIBarButtonItem+Extension.swift */,
				0CDB04D3281B73E800CBBD96 /* UIViewController+Extension.swift */,
				0CDB04D5281B73F600CBBD96 /* UIView+Extension.swift */,
				0CDB04D7281B740500CBBD96 /* UIImage+Extension.swift */,
			);
			path = Extension;
			sourceTree = "<group>";
		};
		0CDB04B7281B6C5C00CBBD96 /* Storyboard */ = {
			isa = PBXGroup;
			children = (
				0CDB04AC281B6BE400CBBD96 /* LaunchScreen.storyboard */,
				0CDB04E2281B7D1C00CBBD96 /* Users.storyboard */,
				0CDB04E7281B88A700CBBD96 /* UserDetail.storyboard */,
				0CDB04FB281BAA6700CBBD96 /* Web.storyboard */,
				0CDB0500281BC39D00CBBD96 /* Follow.storyboard */,
				0CDB0508281BE85700CBBD96 /* Favorite.storyboard */,
				0CDB0520281C0F1C00CBBD96 /* Setting.storyboard */,
				0C3C54D0281C6E30005C8365 /* Search.storyboard */,
			);
			path = Storyboard;
			sourceTree = "<group>";
		};
		0CDB04B8281B6C5C00CBBD96 /* Logic */ = {
			isa = PBXGroup;
			children = (
				411F03FA28672879000A0D8D /* Presenters */,
				0CDB04B9281B6C5C00CBBD96 /* DomainLayer */,
				0CDB04BE281B6C5C00CBBD96 /* DataLayer */,
			);
			path = Logic;
			sourceTree = "<group>";
		};
		0CDB04B9281B6C5C00CBBD96 /* DomainLayer */ = {
			isa = PBXGroup;
			children = (
				411F03F728672814000A0D8D /* Repository */,
				0CDB04BA281B6C5C00CBBD96 /* Translator */,
				0CDB04BC281B6C5C00CBBD96 /* Model */,
				0CDB04BD281B6C5C00CBBD96 /* UseCase */,
			);
			path = DomainLayer;
			sourceTree = "<group>";
		};
		0CDB04BA281B6C5C00CBBD96 /* Translator */ = {
			isa = PBXGroup;
			children = (
				0CDB04DE281B78D400CBBD96 /* Translator.swift */,
				0CDB04F4281B965A00CBBD96 /* UserDetailTranslator.swift */,
				0CDB04F6281B9AC500CBBD96 /* UserRepositoryTranslator.swift */,
				0CDB0514281BF64A00CBBD96 /* UserFavoriteTranslator.swift */,
				0C3C54CE281C6C63005C8365 /* SearchUsersTranslator.swift */,
				0CDB04BB281B6C5C00CBBD96 /* Protocol */,
			);
			path = Translator;
			sourceTree = "<group>";
		};
		0CDB04BB281B6C5C00CBBD96 /* Protocol */ = {
			isa = PBXGroup;
			children = (
				0CDB0510281BF04300CBBD96 /* UserProtocol.swift */,
			);
			path = Protocol;
			sourceTree = "<group>";
		};
		0CDB04BC281B6C5C00CBBD96 /* Model */ = {
			isa = PBXGroup;
			children = (
				0CDB04CF281B73B100CBBD96 /* UserModel.swift */,
				0CDB04E9281B8EF900CBBD96 /* UserDetailModel.swift */,
				0CDB04EB281B931800CBBD96 /* UserRepositoryModel.swift */,
				0CDB0512281BF04F00CBBD96 /* UserFavoriteModel.swift */,
			);
			path = Model;
			sourceTree = "<group>";
		};
		0CDB04BD281B6C5C00CBBD96 /* UseCase */ = {
			isa = PBXGroup;
			children = (
				0CDB050C281BF02600CBBD96 /* UserUseCase.swift */,
			);
			path = UseCase;
			sourceTree = "<group>";
		};
		0CDB04BE281B6C5C00CBBD96 /* DataLayer */ = {
			isa = PBXGroup;
			children = (
				411F03F62867260B000A0D8D /* RemoteDataSource */,
				0CDB04BF281B6C5C00CBBD96 /* Repository */,
				0CDB04C0281B6C5C00CBBD96 /* Entity */,
				0CDB04C1281B6C5C00CBBD96 /* Networking */,
			);
			path = DataLayer;
			sourceTree = "<group>";
		};
		0CDB04BF281B6C5C00CBBD96 /* Repository */ = {
			isa = PBXGroup;
			children = (
				0CDB050E281BF03200CBBD96 /* UserRepository.swift */,
				411F03F2286723E5000A0D8D /* NewUsersRepositoryImpl.swift */,
			);
			path = Repository;
			sourceTree = "<group>";
		};
		0CDB04C0281B6C5C00CBBD96 /* Entity */ = {
			isa = PBXGroup;
			children = (
				0CDB0516281BF65600CBBD96 /* UserFavoriteRealm.swift */,
			);
			path = Entity;
			sourceTree = "<group>";
		};
		0CDB04C1281B6C5C00CBBD96 /* Networking */ = {
			isa = PBXGroup;
			children = (
				0CDB04C9281B6CB400CBBD96 /* NetworkAPIConst.swift */,
				0CDB04C2281B6C5C00CBBD96 /* Protocol */,
				0CDB04C3281B6C5C00CBBD96 /* Request */,
			);
			path = Networking;
			sourceTree = "<group>";
		};
		0CDB04C2281B6C5C00CBBD96 /* Protocol */ = {
			isa = PBXGroup;
			children = (
				0CDB04CB281B6CD600CBBD96 /* NetworkProtocol.swift */,
			);
			path = Protocol;
			sourceTree = "<group>";
		};
		0CDB04C3281B6C5C00CBBD96 /* Request */ = {
			isa = PBXGroup;
			children = (
				0CDB04CD281B6CFA00CBBD96 /* NetworkRequest.swift */,
			);
			path = Request;
			sourceTree = "<group>";
		};
		0CDB04C4281B6C5C00CBBD96 /* View */ = {
			isa = PBXGroup;
			children = (
				0CDB04D9281B742900CBBD96 /* Users */,
				0CDB04ED281B933A00CBBD96 /* UserDetail */,
				0CDB0502281BCC1200CBBD96 /* Follow */,
				0CDB0518281BF88200CBBD96 /* Favorite */,
				0CDB0522281C0F3600CBBD96 /* Setting */,
				0C3C54C9281C68F5005C8365 /* Search */,
			);
			path = View;
			sourceTree = "<group>";
		};
		0CDB04C5281B6C5C00CBBD96 /* ViewController */ = {
			isa = PBXGroup;
			children = (
				0CDB04C6281B6C7600CBBD96 /* Users */,
				0CDB04E4281B828000CBBD96 /* UserDetail */,
				0CDB04F8281BA2C300CBBD96 /* Web */,
				0CDB04FD281BC37000CBBD96 /* Follow */,
				0CDB0507281BE84A00CBBD96 /* Favorite */,
				0CDB051D281C0EF400CBBD96 /* Setting */,
				0C3C54C6281C6451005C8365 /* Search */,
			);
			path = ViewController;
			sourceTree = "<group>";
		};
		0CDB04C6281B6C7600CBBD96 /* Users */ = {
			isa = PBXGroup;
			children = (
				0CDB04C7281B6C8200CBBD96 /* UsersViewController.swift */,
			);
			path = Users;
			sourceTree = "<group>";
		};
		0CDB04D9281B742900CBBD96 /* Users */ = {
			isa = PBXGroup;
			children = (
				0CDB04DA281B743400CBBD96 /* UserViewCell.xib */,
				0CDB04DC281B743B00CBBD96 /* UserViewCell.swift */,
			);
			path = Users;
			sourceTree = "<group>";
		};
		0CDB04E4281B828000CBBD96 /* UserDetail */ = {
			isa = PBXGroup;
			children = (
				0CDB04E5281B829000CBBD96 /* UserDetailViewController.swift */,
			);
			path = UserDetail;
			sourceTree = "<group>";
		};
		0CDB04ED281B933A00CBBD96 /* UserDetail */ = {
			isa = PBXGroup;
			children = (
				0CDB04EE281B934900CBBD96 /* UserDetailRepositoryViewCell.xib */,
				0CDB04F0281B935200CBBD96 /* UserDetailRepositoryViewCell.swift */,
			);
			path = UserDetail;
			sourceTree = "<group>";
		};
		0CDB04F8281BA2C300CBBD96 /* Web */ = {
			isa = PBXGroup;
			children = (
				0CDB04F9281BAA5C00CBBD96 /* WebViewController.swift */,
			);
			path = Web;
			sourceTree = "<group>";
		};
		0CDB04FD281BC37000CBBD96 /* Follow */ = {
			isa = PBXGroup;
			children = (
				0CDB04FE281BC38600CBBD96 /* FollowViewController.swift */,
			);
			path = Follow;
			sourceTree = "<group>";
		};
		0CDB0502281BCC1200CBBD96 /* Follow */ = {
			isa = PBXGroup;
			children = (
				0CDB0503281BCC2100CBBD96 /* FollowViewCell.xib */,
				0CDB0505281BCC2800CBBD96 /* FollowViewCell.swift */,
			);
			path = Follow;
			sourceTree = "<group>";
		};
		0CDB0507281BE84A00CBBD96 /* Favorite */ = {
			isa = PBXGroup;
			children = (
				0CDB050A281BF00500CBBD96 /* FavoriteViewController.swift */,
			);
			path = Favorite;
			sourceTree = "<group>";
		};
		0CDB0518281BF88200CBBD96 /* Favorite */ = {
			isa = PBXGroup;
			children = (
				0CDB0519281BFC5900CBBD96 /* FavoriteViewCell.xib */,
				0CDB051B281BFC6000CBBD96 /* FavoriteViewCell.swift */,
			);
			path = Favorite;
			sourceTree = "<group>";
		};
		0CDB051D281C0EF400CBBD96 /* Setting */ = {
			isa = PBXGroup;
			children = (
				0CDB051E281C0F0600CBBD96 /* SettingViewController.swift */,
			);
			path = Setting;
			sourceTree = "<group>";
		};
		0CDB0522281C0F3600CBBD96 /* Setting */ = {
			isa = PBXGroup;
			children = (
				0CDB0526281C0F5D00CBBD96 /* EvaluationViewCell.swift */,
				0CDB052A281C0F5D00CBBD96 /* EvaluationViewCell.xib */,
				0CDB0523281C0F5D00CBBD96 /* MailViewCell.swift */,
				0CDB0524281C0F5D00CBBD96 /* MailViewCell.xib */,
				0CDB0527281C0F5D00CBBD96 /* ShareViewCell.swift */,
				0CDB0528281C0F5D00CBBD96 /* ShareViewCell.xib */,
			);
			path = Setting;
			sourceTree = "<group>";
		};
		411F03F62867260B000A0D8D /* RemoteDataSource */ = {
			isa = PBXGroup;
			children = (
				411F03F4286725C2000A0D8D /* UsersRemoteDataSource.swift */,
			);
			path = RemoteDataSource;
			sourceTree = "<group>";
		};
		411F03F728672814000A0D8D /* Repository */ = {
			isa = PBXGroup;
			children = (
				411F03F828672830000A0D8D /* NewUsersRepository.swift */,
			);
			path = Repository;
			sourceTree = "<group>";
		};
		411F03FA28672879000A0D8D /* Presenters */ = {
			isa = PBXGroup;
			children = (
				411F03FB2867289C000A0D8D /* UsersPresenter.swift */,
			);
			path = Presenters;
			sourceTree = "<group>";
		};
		4BCBB31B0B90672A9CE3123B /* Pods */ = {
			isa = PBXGroup;
			children = (
				192E4823D4C45E136063D6B7 /* Pods-GitHub.debug.xcconfig */,
				C1E9D9121A116A0FA94C91BB /* Pods-GitHub.release.xcconfig */,
			);
			path = Pods;
			sourceTree = "<group>";
		};
		EBCD1F8BA037EAFDA2AE1EF4 /* Frameworks */ = {
			isa = PBXGroup;
			children = (
				E961462AB36B514F2E3A8EFB /* Pods_GitHub.framework */,
			);
			name = Frameworks;
			sourceTree = "<group>";
		};
/* End PBXGroup section */

/* Begin PBXNativeTarget section */
		0CDB049D281B6BE200CBBD96 /* GitHub */ = {
			isa = PBXNativeTarget;
			buildConfigurationList = 0CDB04B2281B6BE400CBBD96 /* Build configuration list for PBXNativeTarget "GitHub" */;
			buildPhases = (
				7E7A04256EAEDC59F5F6BFC1 /* [CP] Check Pods Manifest.lock */,
				0CDB049A281B6BE200CBBD96 /* Sources */,
				0CDB049B281B6BE200CBBD96 /* Frameworks */,
				0CDB049C281B6BE200CBBD96 /* Resources */,
				890A9FD9E43423B1CEBF74CC /* [CP] Embed Pods Frameworks */,
			);
			buildRules = (
			);
			dependencies = (
			);
			name = GitHub;
			productName = GitHub;
			productReference = 0CDB049E281B6BE200CBBD96 /* GitHub.app */;
			productType = "com.apple.product-type.application";
		};
/* End PBXNativeTarget section */

/* Begin PBXProject section */
		0CDB0496281B6BE200CBBD96 /* Project object */ = {
			isa = PBXProject;
			attributes = {
				BuildIndependentTargetsInParallel = 1;
				LastSwiftUpdateCheck = 1330;
				LastUpgradeCheck = 1330;
				TargetAttributes = {
					0CDB049D281B6BE200CBBD96 = {
						CreatedOnToolsVersion = 13.3.1;
					};
				};
			};
			buildConfigurationList = 0CDB0499281B6BE200CBBD96 /* Build configuration list for PBXProject "GitHub" */;
			compatibilityVersion = "Xcode 13.0";
			developmentRegion = en;
			hasScannedForEncodings = 0;
			knownRegions = (
				en,
				Base,
			);
			mainGroup = 0CDB0495281B6BE200CBBD96;
			productRefGroup = 0CDB049F281B6BE200CBBD96 /* Products */;
			projectDirPath = "";
			projectRoot = "";
			targets = (
				0CDB049D281B6BE200CBBD96 /* GitHub */,
			);
		};
/* End PBXProject section */

/* Begin PBXResourcesBuildPhase section */
		0CDB049C281B6BE200CBBD96 /* Resources */ = {
			isa = PBXResourcesBuildPhase;
			buildActionMask = 2147483647;
			files = (
				0CDB051A281BFC5900CBBD96 /* FavoriteViewCell.xib in Resources */,
				0CDB04EF281B934900CBBD96 /* UserDetailRepositoryViewCell.xib in Resources */,
				0CDB0530281C0F5D00CBBD96 /* ShareViewCell.xib in Resources */,
				0CDB0504281BCC2100CBBD96 /* FollowViewCell.xib in Resources */,
				0C3C54D1281C6E30005C8365 /* Search.storyboard in Resources */,
				0CDB04AE281B6BE400CBBD96 /* LaunchScreen.storyboard in Resources */,
				0CDB04E3281B7D1C00CBBD96 /* Users.storyboard in Resources */,
				0CDB0509281BE85700CBBD96 /* Favorite.storyboard in Resources */,
				0CDB0532281C0F5D00CBBD96 /* EvaluationViewCell.xib in Resources */,
				0CDB04FC281BAA6700CBBD96 /* Web.storyboard in Resources */,
				0CDB052C281C0F5D00CBBD96 /* MailViewCell.xib in Resources */,
				0CDB04E8281B88A700CBBD96 /* UserDetail.storyboard in Resources */,
				0C3C54CB281C6904005C8365 /* SearchViewCell.xib in Resources */,
				0CDB04AB281B6BE400CBBD96 /* Assets.xcassets in Resources */,
				0CDB04DB281B743400CBBD96 /* UserViewCell.xib in Resources */,
				0CDB0501281BC39D00CBBD96 /* Follow.storyboard in Resources */,
				0CDB0521281C0F1C00CBBD96 /* Setting.storyboard in Resources */,
			);
			runOnlyForDeploymentPostprocessing = 0;
		};
/* End PBXResourcesBuildPhase section */

/* Begin PBXShellScriptBuildPhase section */
		7E7A04256EAEDC59F5F6BFC1 /* [CP] Check Pods Manifest.lock */ = {
			isa = PBXShellScriptBuildPhase;
			buildActionMask = 2147483647;
			files = (
			);
			inputFileListPaths = (
			);
			inputPaths = (
				"${PODS_PODFILE_DIR_PATH}/Podfile.lock",
				"${PODS_ROOT}/Manifest.lock",
			);
			name = "[CP] Check Pods Manifest.lock";
			outputFileListPaths = (
			);
			outputPaths = (
				"$(DERIVED_FILE_DIR)/Pods-GitHub-checkManifestLockResult.txt",
			);
			runOnlyForDeploymentPostprocessing = 0;
			shellPath = /bin/sh;
			shellScript = "diff \"${PODS_PODFILE_DIR_PATH}/Podfile.lock\" \"${PODS_ROOT}/Manifest.lock\" > /dev/null\nif [ $? != 0 ] ; then\n    # print error to STDERR\n    echo \"error: The sandbox is not in sync with the Podfile.lock. Run 'pod install' or update your CocoaPods installation.\" >&2\n    exit 1\nfi\n# This output is used by Xcode 'outputs' to avoid re-running this script phase.\necho \"SUCCESS\" > \"${SCRIPT_OUTPUT_FILE_0}\"\n";
			showEnvVarsInLog = 0;
		};
		890A9FD9E43423B1CEBF74CC /* [CP] Embed Pods Frameworks */ = {
			isa = PBXShellScriptBuildPhase;
			buildActionMask = 2147483647;
			files = (
			);
			inputFileListPaths = (
				"${PODS_ROOT}/Target Support Files/Pods-GitHub/Pods-GitHub-frameworks-${CONFIGURATION}-input-files.xcfilelist",
			);
			name = "[CP] Embed Pods Frameworks";
			outputFileListPaths = (
				"${PODS_ROOT}/Target Support Files/Pods-GitHub/Pods-GitHub-frameworks-${CONFIGURATION}-output-files.xcfilelist",
			);
			runOnlyForDeploymentPostprocessing = 0;
			shellPath = /bin/sh;
			shellScript = "\"${PODS_ROOT}/Target Support Files/Pods-GitHub/Pods-GitHub-frameworks.sh\"\n";
			showEnvVarsInLog = 0;
		};
/* End PBXShellScriptBuildPhase section */

/* Begin PBXSourcesBuildPhase section */
		0CDB049A281B6BE200CBBD96 /* Sources */ = {
			isa = PBXSourcesBuildPhase;
			buildActionMask = 2147483647;
			files = (
				0CDB04F3281B961200CBBD96 /* Utility.swift in Sources */,
				411F03F928672830000A0D8D /* NewUsersRepository.swift in Sources */,
				0CDB0534281C0F7900CBBD96 /* Const.swift in Sources */,
				0CDB04D6281B73F600CBBD96 /* UIView+Extension.swift in Sources */,
				0CDB0517281BF65600CBBD96 /* UserFavoriteRealm.swift in Sources */,
				0CDB04F5281B965A00CBBD96 /* UserDetailTranslator.swift in Sources */,
				0CDB0506281BCC2800CBBD96 /* FollowViewCell.swift in Sources */,
				0CDB051F281C0F0600CBBD96 /* SettingViewController.swift in Sources */,
				0CDB0513281BF04F00CBBD96 /* UserFavoriteModel.swift in Sources */,
				0CDB04CE281B6CFA00CBBD96 /* NetworkRequest.swift in Sources */,
				0CDB04A6281B6BE200CBBD96 /* ViewController.swift in Sources */,
				0CDB052E281C0F5D00CBBD96 /* EvaluationViewCell.swift in Sources */,
				411F03F5286725C2000A0D8D /* UsersRemoteDataSource.swift in Sources */,
				411F03FC2867289C000A0D8D /* UsersPresenter.swift in Sources */,
				0CDB04D8281B740500CBBD96 /* UIImage+Extension.swift in Sources */,
				0CDB04F1281B935200CBBD96 /* UserDetailRepositoryViewCell.swift in Sources */,
				0CDB052F281C0F5D00CBBD96 /* ShareViewCell.swift in Sources */,
				0C3C54CF281C6C63005C8365 /* SearchUsersTranslator.swift in Sources */,
				0CDB052B281C0F5D00CBBD96 /* MailViewCell.swift in Sources */,
				0CDB0515281BF64A00CBBD96 /* UserFavoriteTranslator.swift in Sources */,
				0C3C54CD281C690B005C8365 /* SearchViewCell.swift in Sources */,
				0CDB04EC281B931800CBBD96 /* UserRepositoryModel.swift in Sources */,
				0CDB04D0281B73B100CBBD96 /* UserModel.swift in Sources */,
				0CDB050F281BF03200CBBD96 /* UserRepository.swift in Sources */,
				0CDB0511281BF04300CBBD96 /* UserProtocol.swift in Sources */,
				0CDB04EA281B8EF900CBBD96 /* UserDetailModel.swift in Sources */,
				0C3C54C8281C645E005C8365 /* SearchViewController.swift in Sources */,
				0CDB04C8281B6C8200CBBD96 /* UsersViewController.swift in Sources */,
				0CDB04CC281B6CD600CBBD96 /* NetworkProtocol.swift in Sources */,
				0CDB04DD281B743B00CBBD96 /* UserViewCell.swift in Sources */,
				0CDB050D281BF02600CBBD96 /* UserUseCase.swift in Sources */,
				411F03F3286723E5000A0D8D /* NewUsersRepositoryImpl.swift in Sources */,
				0CDB04A2281B6BE200CBBD96 /* AppDelegate.swift in Sources */,
				0CDB04FA281BAA5C00CBBD96 /* WebViewController.swift in Sources */,
				0CDB04FF281BC38600CBBD96 /* FollowViewController.swift in Sources */,
				0CDB04A4281B6BE200CBBD96 /* SceneDelegate.swift in Sources */,
				0CDB04E6281B829000CBBD96 /* UserDetailViewController.swift in Sources */,
				0CDB04D2281B73DB00CBBD96 /* UIBarButtonItem+Extension.swift in Sources */,
				0CDB04D4281B73E800CBBD96 /* UIViewController+Extension.swift in Sources */,
				0CDB04F7281B9AC500CBBD96 /* UserRepositoryTranslator.swift in Sources */,
				0CDB050B281BF00500CBBD96 /* FavoriteViewController.swift in Sources */,
				0CDB04CA281B6CB400CBBD96 /* NetworkAPIConst.swift in Sources */,
				0CDB051C281BFC6000CBBD96 /* FavoriteViewCell.swift in Sources */,
				0CDB04DF281B78D400CBBD96 /* Translator.swift in Sources */,
			);
			runOnlyForDeploymentPostprocessing = 0;
		};
/* End PBXSourcesBuildPhase section */

/* Begin PBXVariantGroup section */
		0CDB04AC281B6BE400CBBD96 /* LaunchScreen.storyboard */ = {
			isa = PBXVariantGroup;
			children = (
				0CDB04AD281B6BE400CBBD96 /* Base */,
			);
			name = LaunchScreen.storyboard;
			sourceTree = "<group>";
		};
/* End PBXVariantGroup section */

/* Begin XCBuildConfiguration section */
		0CDB04B0281B6BE400CBBD96 /* Debug */ = {
			isa = XCBuildConfiguration;
			buildSettings = {
				ALWAYS_SEARCH_USER_PATHS = NO;
				CLANG_ANALYZER_NONNULL = YES;
				CLANG_ANALYZER_NUMBER_OBJECT_CONVERSION = YES_AGGRESSIVE;
				CLANG_CXX_LANGUAGE_STANDARD = "gnu++17";
				CLANG_ENABLE_MODULES = YES;
				CLANG_ENABLE_OBJC_ARC = YES;
				CLANG_ENABLE_OBJC_WEAK = YES;
				CLANG_WARN_BLOCK_CAPTURE_AUTORELEASING = YES;
				CLANG_WARN_BOOL_CONVERSION = YES;
				CLANG_WARN_COMMA = YES;
				CLANG_WARN_CONSTANT_CONVERSION = YES;
				CLANG_WARN_DEPRECATED_OBJC_IMPLEMENTATIONS = YES;
				CLANG_WARN_DIRECT_OBJC_ISA_USAGE = YES_ERROR;
				CLANG_WARN_DOCUMENTATION_COMMENTS = YES;
				CLANG_WARN_EMPTY_BODY = YES;
				CLANG_WARN_ENUM_CONVERSION = YES;
				CLANG_WARN_INFINITE_RECURSION = YES;
				CLANG_WARN_INT_CONVERSION = YES;
				CLANG_WARN_NON_LITERAL_NULL_CONVERSION = YES;
				CLANG_WARN_OBJC_IMPLICIT_RETAIN_SELF = YES;
				CLANG_WARN_OBJC_LITERAL_CONVERSION = YES;
				CLANG_WARN_OBJC_ROOT_CLASS = YES_ERROR;
				CLANG_WARN_QUOTED_INCLUDE_IN_FRAMEWORK_HEADER = YES;
				CLANG_WARN_RANGE_LOOP_ANALYSIS = YES;
				CLANG_WARN_STRICT_PROTOTYPES = YES;
				CLANG_WARN_SUSPICIOUS_MOVE = YES;
				CLANG_WARN_UNGUARDED_AVAILABILITY = YES_AGGRESSIVE;
				CLANG_WARN_UNREACHABLE_CODE = YES;
				CLANG_WARN__DUPLICATE_METHOD_MATCH = YES;
				COPY_PHASE_STRIP = NO;
				DEBUG_INFORMATION_FORMAT = dwarf;
				ENABLE_STRICT_OBJC_MSGSEND = YES;
				ENABLE_TESTABILITY = YES;
				GCC_C_LANGUAGE_STANDARD = gnu11;
				GCC_DYNAMIC_NO_PIC = NO;
				GCC_NO_COMMON_BLOCKS = YES;
				GCC_OPTIMIZATION_LEVEL = 0;
				GCC_PREPROCESSOR_DEFINITIONS = (
					"DEBUG=1",
					"$(inherited)",
				);
				GCC_WARN_64_TO_32_BIT_CONVERSION = YES;
				GCC_WARN_ABOUT_RETURN_TYPE = YES_ERROR;
				GCC_WARN_UNDECLARED_SELECTOR = YES;
				GCC_WARN_UNINITIALIZED_AUTOS = YES_AGGRESSIVE;
				GCC_WARN_UNUSED_FUNCTION = YES;
				GCC_WARN_UNUSED_VARIABLE = YES;
				IPHONEOS_DEPLOYMENT_TARGET = 14.0;
				MTL_ENABLE_DEBUG_INFO = INCLUDE_SOURCE;
				MTL_FAST_MATH = YES;
				ONLY_ACTIVE_ARCH = YES;
				SDKROOT = iphoneos;
				SWIFT_ACTIVE_COMPILATION_CONDITIONS = DEBUG;
				SWIFT_OPTIMIZATION_LEVEL = "-Onone";
			};
			name = Debug;
		};
		0CDB04B1281B6BE400CBBD96 /* Release */ = {
			isa = XCBuildConfiguration;
			buildSettings = {
				ALWAYS_SEARCH_USER_PATHS = NO;
				CLANG_ANALYZER_NONNULL = YES;
				CLANG_ANALYZER_NUMBER_OBJECT_CONVERSION = YES_AGGRESSIVE;
				CLANG_CXX_LANGUAGE_STANDARD = "gnu++17";
				CLANG_ENABLE_MODULES = YES;
				CLANG_ENABLE_OBJC_ARC = YES;
				CLANG_ENABLE_OBJC_WEAK = YES;
				CLANG_WARN_BLOCK_CAPTURE_AUTORELEASING = YES;
				CLANG_WARN_BOOL_CONVERSION = YES;
				CLANG_WARN_COMMA = YES;
				CLANG_WARN_CONSTANT_CONVERSION = YES;
				CLANG_WARN_DEPRECATED_OBJC_IMPLEMENTATIONS = YES;
				CLANG_WARN_DIRECT_OBJC_ISA_USAGE = YES_ERROR;
				CLANG_WARN_DOCUMENTATION_COMMENTS = YES;
				CLANG_WARN_EMPTY_BODY = YES;
				CLANG_WARN_ENUM_CONVERSION = YES;
				CLANG_WARN_INFINITE_RECURSION = YES;
				CLANG_WARN_INT_CONVERSION = YES;
				CLANG_WARN_NON_LITERAL_NULL_CONVERSION = YES;
				CLANG_WARN_OBJC_IMPLICIT_RETAIN_SELF = YES;
				CLANG_WARN_OBJC_LITERAL_CONVERSION = YES;
				CLANG_WARN_OBJC_ROOT_CLASS = YES_ERROR;
				CLANG_WARN_QUOTED_INCLUDE_IN_FRAMEWORK_HEADER = YES;
				CLANG_WARN_RANGE_LOOP_ANALYSIS = YES;
				CLANG_WARN_STRICT_PROTOTYPES = YES;
				CLANG_WARN_SUSPICIOUS_MOVE = YES;
				CLANG_WARN_UNGUARDED_AVAILABILITY = YES_AGGRESSIVE;
				CLANG_WARN_UNREACHABLE_CODE = YES;
				CLANG_WARN__DUPLICATE_METHOD_MATCH = YES;
				COPY_PHASE_STRIP = NO;
				DEBUG_INFORMATION_FORMAT = "dwarf-with-dsym";
				ENABLE_NS_ASSERTIONS = NO;
				ENABLE_STRICT_OBJC_MSGSEND = YES;
				GCC_C_LANGUAGE_STANDARD = gnu11;
				GCC_NO_COMMON_BLOCKS = YES;
				GCC_WARN_64_TO_32_BIT_CONVERSION = YES;
				GCC_WARN_ABOUT_RETURN_TYPE = YES_ERROR;
				GCC_WARN_UNDECLARED_SELECTOR = YES;
				GCC_WARN_UNINITIALIZED_AUTOS = YES_AGGRESSIVE;
				GCC_WARN_UNUSED_FUNCTION = YES;
				GCC_WARN_UNUSED_VARIABLE = YES;
				IPHONEOS_DEPLOYMENT_TARGET = 14.0;
				MTL_ENABLE_DEBUG_INFO = NO;
				MTL_FAST_MATH = YES;
				SDKROOT = iphoneos;
				SWIFT_COMPILATION_MODE = wholemodule;
				SWIFT_OPTIMIZATION_LEVEL = "-O";
				VALIDATE_PRODUCT = YES;
			};
			name = Release;
		};
		0CDB04B3281B6BE400CBBD96 /* Debug */ = {
			isa = XCBuildConfiguration;
			baseConfigurationReference = 192E4823D4C45E136063D6B7 /* Pods-GitHub.debug.xcconfig */;
			buildSettings = {
				ASSETCATALOG_COMPILER_APPICON_NAME = AppIcon;
				ASSETCATALOG_COMPILER_GLOBAL_ACCENT_COLOR_NAME = AccentColor;
				CODE_SIGN_STYLE = Automatic;
				CURRENT_PROJECT_VERSION = 1;
				DEVELOPMENT_TEAM = 2M8442B5BF;
				GENERATE_INFOPLIST_FILE = YES;
				INFOPLIST_FILE = GitHub/Info.plist;
				INFOPLIST_KEY_UIApplicationSupportsIndirectInputEvents = YES;
				INFOPLIST_KEY_UILaunchStoryboardName = LaunchScreen;
				INFOPLIST_KEY_UISupportedInterfaceOrientations_iPad = "UIInterfaceOrientationPortrait UIInterfaceOrientationPortraitUpsideDown UIInterfaceOrientationLandscapeLeft UIInterfaceOrientationLandscapeRight";
				INFOPLIST_KEY_UISupportedInterfaceOrientations_iPhone = "UIInterfaceOrientationPortrait UIInterfaceOrientationLandscapeLeft UIInterfaceOrientationLandscapeRight";
				IPHONEOS_DEPLOYMENT_TARGET = 14.0;
				LD_RUNPATH_SEARCH_PATHS = (
					"$(inherited)",
					"@executable_path/Frameworks",
				);
				MARKETING_VERSION = 1.0;
				PRODUCT_BUNDLE_IDENTIFIER = jp.co.poppop.GitHub;
				PRODUCT_NAME = "$(TARGET_NAME)";
				SWIFT_EMIT_LOC_STRINGS = YES;
				SWIFT_VERSION = 5.0;
				TARGETED_DEVICE_FAMILY = "1,2";
			};
			name = Debug;
		};
		0CDB04B4281B6BE400CBBD96 /* Release */ = {
			isa = XCBuildConfiguration;
			baseConfigurationReference = C1E9D9121A116A0FA94C91BB /* Pods-GitHub.release.xcconfig */;
			buildSettings = {
				ASSETCATALOG_COMPILER_APPICON_NAME = AppIcon;
				ASSETCATALOG_COMPILER_GLOBAL_ACCENT_COLOR_NAME = AccentColor;
				CODE_SIGN_STYLE = Automatic;
				CURRENT_PROJECT_VERSION = 1;
				DEVELOPMENT_TEAM = 2M8442B5BF;
				GENERATE_INFOPLIST_FILE = YES;
				INFOPLIST_FILE = GitHub/Info.plist;
				INFOPLIST_KEY_UIApplicationSupportsIndirectInputEvents = YES;
				INFOPLIST_KEY_UILaunchStoryboardName = LaunchScreen;
				INFOPLIST_KEY_UISupportedInterfaceOrientations_iPad = "UIInterfaceOrientationPortrait UIInterfaceOrientationPortraitUpsideDown UIInterfaceOrientationLandscapeLeft UIInterfaceOrientationLandscapeRight";
				INFOPLIST_KEY_UISupportedInterfaceOrientations_iPhone = "UIInterfaceOrientationPortrait UIInterfaceOrientationLandscapeLeft UIInterfaceOrientationLandscapeRight";
				IPHONEOS_DEPLOYMENT_TARGET = 14.0;
				LD_RUNPATH_SEARCH_PATHS = (
					"$(inherited)",
					"@executable_path/Frameworks",
				);
				MARKETING_VERSION = 1.0;
				PRODUCT_BUNDLE_IDENTIFIER = jp.co.poppop.GitHub;
				PRODUCT_NAME = "$(TARGET_NAME)";
				SWIFT_EMIT_LOC_STRINGS = YES;
				SWIFT_VERSION = 5.0;
				TARGETED_DEVICE_FAMILY = "1,2";
			};
			name = Release;
		};
/* End XCBuildConfiguration section */

/* Begin XCConfigurationList section */
		0CDB0499281B6BE200CBBD96 /* Build configuration list for PBXProject "GitHub" */ = {
			isa = XCConfigurationList;
			buildConfigurations = (
				0CDB04B0281B6BE400CBBD96 /* Debug */,
				0CDB04B1281B6BE400CBBD96 /* Release */,
			);
			defaultConfigurationIsVisible = 0;
			defaultConfigurationName = Release;
		};
		0CDB04B2281B6BE400CBBD96 /* Build configuration list for PBXNativeTarget "GitHub" */ = {
			isa = XCConfigurationList;
			buildConfigurations = (
				0CDB04B3281B6BE400CBBD96 /* Debug */,
				0CDB04B4281B6BE400CBBD96 /* Release */,
			);
			defaultConfigurationIsVisible = 0;
			defaultConfigurationName = Release;
		};
/* End XCConfigurationList section */
	};
	rootObject = 0CDB0496281B6BE200CBBD96 /* Project object */;
}
